// !$*UTF8*$!
{
	archiveVersion = 1;
	classes = {
	};
	objectVersion = 56;
	objects = {

/* Begin PBXBuildFile section */
		B16822AA2A9C321900BEA821 /* IntroductionTests.swift in Sources */ = {isa = PBXBuildFile; fileRef = B16822A92A9C321900BEA821 /* IntroductionTests.swift */; };
		B16822AD2A9C32AF00BEA821 /* IntroductionViewModel.swift in Sources */ = {isa = PBXBuildFile; fileRef = B16822AC2A9C32AF00BEA821 /* IntroductionViewModel.swift */; };
		B16822AF2A9C340000BEA821 /* HomeTest.swift in Sources */ = {isa = PBXBuildFile; fileRef = B16822AE2A9C340000BEA821 /* HomeTest.swift */; };
		B16822B12A9C34F200BEA821 /* DetailTest.swift in Sources */ = {isa = PBXBuildFile; fileRef = B16822B02A9C34F200BEA821 /* DetailTest.swift */; };
		B16822B32A9C36F400BEA821 /* IntroductionUITest.swift in Sources */ = {isa = PBXBuildFile; fileRef = B16822B22A9C36F400BEA821 /* IntroductionUITest.swift */; };
		B16822B52A9C370D00BEA821 /* HomeUITest.swift in Sources */ = {isa = PBXBuildFile; fileRef = B16822B42A9C370D00BEA821 /* HomeUITest.swift */; };
		B16822B72A9C371A00BEA821 /* DetailUITest.swift in Sources */ = {isa = PBXBuildFile; fileRef = B16822B62A9C371A00BEA821 /* DetailUITest.swift */; };
		B17230D42A9BD92A00569F22 /* CryptocurrencyApp.swift in Sources */ = {isa = PBXBuildFile; fileRef = B17230D32A9BD92A00569F22 /* CryptocurrencyApp.swift */; };
		B17230D62A9BD92A00569F22 /* IntroductionView.swift in Sources */ = {isa = PBXBuildFile; fileRef = B17230D52A9BD92A00569F22 /* IntroductionView.swift */; };
		B17230D82A9BD92C00569F22 /* Assets.xcassets in Resources */ = {isa = PBXBuildFile; fileRef = B17230D72A9BD92C00569F22 /* Assets.xcassets */; };
		B17230DB2A9BD92C00569F22 /* Preview Assets.xcassets in Resources */ = {isa = PBXBuildFile; fileRef = B17230DA2A9BD92C00569F22 /* Preview Assets.xcassets */; };
		B17230F12A9BD92C00569F22 /* CriptocurrencyUITestsLaunchTests.swift in Sources */ = {isa = PBXBuildFile; fileRef = B17230F02A9BD92C00569F22 /* CriptocurrencyUITestsLaunchTests.swift */; };
		B17230FE2A9BE28500569F22 /* CriptoCTAButtonStyle.swift in Sources */ = {isa = PBXBuildFile; fileRef = B17230FD2A9BE28500569F22 /* CriptoCTAButtonStyle.swift */; };
		B172310A2A9BEC0B00569F22 /* Extension + Color.swift in Sources */ = {isa = PBXBuildFile; fileRef = B17231092A9BEC0B00569F22 /* Extension + Color.swift */; };
		B172310C2A9BEC6B00569F22 /* Extension + Int.swift in Sources */ = {isa = PBXBuildFile; fileRef = B172310B2A9BEC6A00569F22 /* Extension + Int.swift */; };
		B172310E2A9BED4200569F22 /* CriptoCTAButtonTypeProtocol.swift in Sources */ = {isa = PBXBuildFile; fileRef = B172310D2A9BED4200569F22 /* CriptoCTAButtonTypeProtocol.swift */; };
		B17231142A9BF07200569F22 /* HomeView.swift in Sources */ = {isa = PBXBuildFile; fileRef = B17231132A9BF07200569F22 /* HomeView.swift */; };
		B17231162A9BF07E00569F22 /* HomeViewModel.swift in Sources */ = {isa = PBXBuildFile; fileRef = B17231152A9BF07E00569F22 /* HomeViewModel.swift */; };
		B17231192A9BF22200569F22 /* CryptocurrencyCell.swift in Sources */ = {isa = PBXBuildFile; fileRef = B17231182A9BF22200569F22 /* CryptocurrencyCell.swift */; };
		B172311C2A9BF28E00569F22 /* CryptocurrencyModel.swift in Sources */ = {isa = PBXBuildFile; fileRef = B172311B2A9BF28E00569F22 /* CryptocurrencyModel.swift */; };
		B17231202A9C00B100569F22 /* Apis.swift in Sources */ = {isa = PBXBuildFile; fileRef = B172311F2A9C00B100569F22 /* Apis.swift */; };
		B17231222A9C00B900569F22 /* Services.swift in Sources */ = {isa = PBXBuildFile; fileRef = B17231212A9C00B900569F22 /* Services.swift */; };
		B17231292A9C282400569F22 /* DetailCoinView.swift in Sources */ = {isa = PBXBuildFile; fileRef = B17231282A9C282400569F22 /* DetailCoinView.swift */; };
		B17231342A9C2F2800569F22 /* DetailCoinViewModel.swift in Sources */ = {isa = PBXBuildFile; fileRef = B17231332A9C2F2800569F22 /* DetailCoinViewModel.swift */; };
/* End PBXBuildFile section */

/* Begin PBXContainerItemProxy section */
		B17230E12A9BD92C00569F22 /* PBXContainerItemProxy */ = {
			isa = PBXContainerItemProxy;
			containerPortal = B17230C82A9BD92A00569F22 /* Project object */;
			proxyType = 1;
			remoteGlobalIDString = B17230CF2A9BD92A00569F22;
			remoteInfo = Criptocurrency;
		};
		B17230EB2A9BD92C00569F22 /* PBXContainerItemProxy */ = {
			isa = PBXContainerItemProxy;
			containerPortal = B17230C82A9BD92A00569F22 /* Project object */;
			proxyType = 1;
			remoteGlobalIDString = B17230CF2A9BD92A00569F22;
			remoteInfo = Criptocurrency;
		};
/* End PBXContainerItemProxy section */

/* Begin PBXFileReference section */
		B16822A92A9C321900BEA821 /* IntroductionTests.swift */ = {isa = PBXFileReference; lastKnownFileType = sourcecode.swift; path = IntroductionTests.swift; sourceTree = "<group>"; };
		B16822AC2A9C32AF00BEA821 /* IntroductionViewModel.swift */ = {isa = PBXFileReference; lastKnownFileType = sourcecode.swift; path = IntroductionViewModel.swift; sourceTree = "<group>"; };
		B16822AE2A9C340000BEA821 /* HomeTest.swift */ = {isa = PBXFileReference; lastKnownFileType = sourcecode.swift; path = HomeTest.swift; sourceTree = "<group>"; };
		B16822B02A9C34F200BEA821 /* DetailTest.swift */ = {isa = PBXFileReference; lastKnownFileType = sourcecode.swift; path = DetailTest.swift; sourceTree = "<group>"; };
		B16822B22A9C36F400BEA821 /* IntroductionUITest.swift */ = {isa = PBXFileReference; lastKnownFileType = sourcecode.swift; path = IntroductionUITest.swift; sourceTree = "<group>"; };
		B16822B42A9C370D00BEA821 /* HomeUITest.swift */ = {isa = PBXFileReference; lastKnownFileType = sourcecode.swift; path = HomeUITest.swift; sourceTree = "<group>"; };
		B16822B62A9C371A00BEA821 /* DetailUITest.swift */ = {isa = PBXFileReference; lastKnownFileType = sourcecode.swift; path = DetailUITest.swift; sourceTree = "<group>"; };
		B17230D02A9BD92A00569F22 /* Cryptocurrency.app */ = {isa = PBXFileReference; explicitFileType = wrapper.application; includeInIndex = 0; path = Cryptocurrency.app; sourceTree = BUILT_PRODUCTS_DIR; };
		B17230D32A9BD92A00569F22 /* CryptocurrencyApp.swift */ = {isa = PBXFileReference; lastKnownFileType = sourcecode.swift; path = CryptocurrencyApp.swift; sourceTree = "<group>"; };
		B17230D52A9BD92A00569F22 /* IntroductionView.swift */ = {isa = PBXFileReference; lastKnownFileType = sourcecode.swift; path = IntroductionView.swift; sourceTree = "<group>"; };
		B17230D72A9BD92C00569F22 /* Assets.xcassets */ = {isa = PBXFileReference; lastKnownFileType = folder.assetcatalog; path = Assets.xcassets; sourceTree = "<group>"; };
		B17230DA2A9BD92C00569F22 /* Preview Assets.xcassets */ = {isa = PBXFileReference; lastKnownFileType = folder.assetcatalog; path = "Preview Assets.xcassets"; sourceTree = "<group>"; };
		B17230E02A9BD92C00569F22 /* CryptocurrencyTests.xctest */ = {isa = PBXFileReference; explicitFileType = wrapper.cfbundle; includeInIndex = 0; path = CryptocurrencyTests.xctest; sourceTree = BUILT_PRODUCTS_DIR; };
		B17230EA2A9BD92C00569F22 /* CryptocurrencyUITests.xctest */ = {isa = PBXFileReference; explicitFileType = wrapper.cfbundle; includeInIndex = 0; path = CryptocurrencyUITests.xctest; sourceTree = BUILT_PRODUCTS_DIR; };
		B17230F02A9BD92C00569F22 /* CriptocurrencyUITestsLaunchTests.swift */ = {isa = PBXFileReference; lastKnownFileType = sourcecode.swift; path = CriptocurrencyUITestsLaunchTests.swift; sourceTree = "<group>"; };
		B17230FD2A9BE28500569F22 /* CriptoCTAButtonStyle.swift */ = {isa = PBXFileReference; lastKnownFileType = sourcecode.swift; path = CriptoCTAButtonStyle.swift; sourceTree = "<group>"; };
		B17231092A9BEC0B00569F22 /* Extension + Color.swift */ = {isa = PBXFileReference; lastKnownFileType = sourcecode.swift; path = "Extension + Color.swift"; sourceTree = "<group>"; };
		B172310B2A9BEC6A00569F22 /* Extension + Int.swift */ = {isa = PBXFileReference; lastKnownFileType = sourcecode.swift; path = "Extension + Int.swift"; sourceTree = "<group>"; };
		B172310D2A9BED4200569F22 /* CriptoCTAButtonTypeProtocol.swift */ = {isa = PBXFileReference; lastKnownFileType = sourcecode.swift; path = CriptoCTAButtonTypeProtocol.swift; sourceTree = "<group>"; };
		B17231132A9BF07200569F22 /* HomeView.swift */ = {isa = PBXFileReference; lastKnownFileType = sourcecode.swift; path = HomeView.swift; sourceTree = "<group>"; };
		B17231152A9BF07E00569F22 /* HomeViewModel.swift */ = {isa = PBXFileReference; lastKnownFileType = sourcecode.swift; path = HomeViewModel.swift; sourceTree = "<group>"; };
		B17231182A9BF22200569F22 /* CryptocurrencyCell.swift */ = {isa = PBXFileReference; lastKnownFileType = sourcecode.swift; path = CryptocurrencyCell.swift; sourceTree = "<group>"; };
		B172311B2A9BF28E00569F22 /* CryptocurrencyModel.swift */ = {isa = PBXFileReference; lastKnownFileType = sourcecode.swift; path = CryptocurrencyModel.swift; sourceTree = "<group>"; };
		B172311F2A9C00B100569F22 /* Apis.swift */ = {isa = PBXFileReference; lastKnownFileType = sourcecode.swift; path = Apis.swift; sourceTree = "<group>"; };
		B17231212A9C00B900569F22 /* Services.swift */ = {isa = PBXFileReference; lastKnownFileType = sourcecode.swift; path = Services.swift; sourceTree = "<group>"; };
		B17231282A9C282400569F22 /* DetailCoinView.swift */ = {isa = PBXFileReference; lastKnownFileType = sourcecode.swift; path = DetailCoinView.swift; sourceTree = "<group>"; };
		B17231332A9C2F2800569F22 /* DetailCoinViewModel.swift */ = {isa = PBXFileReference; lastKnownFileType = sourcecode.swift; path = DetailCoinViewModel.swift; sourceTree = "<group>"; };
/* End PBXFileReference section */

/* Begin PBXFrameworksBuildPhase section */
		B17230CD2A9BD92A00569F22 /* Frameworks */ = {
			isa = PBXFrameworksBuildPhase;
			buildActionMask = 2147483647;
			files = (
			);
			runOnlyForDeploymentPostprocessing = 0;
		};
		B17230DD2A9BD92C00569F22 /* Frameworks */ = {
			isa = PBXFrameworksBuildPhase;
			buildActionMask = 2147483647;
			files = (
			);
			runOnlyForDeploymentPostprocessing = 0;
		};
		B17230E72A9BD92C00569F22 /* Frameworks */ = {
			isa = PBXFrameworksBuildPhase;
			buildActionMask = 2147483647;
			files = (
			);
			runOnlyForDeploymentPostprocessing = 0;
		};
/* End PBXFrameworksBuildPhase section */

/* Begin PBXGroup section */
		B16822AB2A9C329800BEA821 /* ViewModel */ = {
			isa = PBXGroup;
			children = (
				B16822AC2A9C32AF00BEA821 /* IntroductionViewModel.swift */,
			);
			path = ViewModel;
			sourceTree = "<group>";
		};
		B17230C72A9BD92A00569F22 = {
			isa = PBXGroup;
			children = (
				B17230D22A9BD92A00569F22 /* Cryptocurrency */,
				B17230E32A9BD92C00569F22 /* CryptocurrencyTests */,
				B17230ED2A9BD92C00569F22 /* CryptocurrencyUITests */,
				B17230D12A9BD92A00569F22 /* Products */,
			);
			sourceTree = "<group>";
		};
		B17230D12A9BD92A00569F22 /* Products */ = {
			isa = PBXGroup;
			children = (
				B17230D02A9BD92A00569F22 /* Cryptocurrency.app */,
				B17230E02A9BD92C00569F22 /* CryptocurrencyTests.xctest */,
				B17230EA2A9BD92C00569F22 /* CryptocurrencyUITests.xctest */,
			);
			name = Products;
			sourceTree = "<group>";
		};
		B17230D22A9BD92A00569F22 /* Cryptocurrency */ = {
			isa = PBXGroup;
			children = (
				B17230D32A9BD92A00569F22 /* CryptocurrencyApp.swift */,
				B17231002A9BEB0B00569F22 /* Utils */,
				B17230FF2A9BEACF00569F22 /* Modules */,
				B17230D72A9BD92C00569F22 /* Assets.xcassets */,
				B17230D92A9BD92C00569F22 /* Preview Content */,
			);
			path = Cryptocurrency;
			sourceTree = "<group>";
		};
		B17230D92A9BD92C00569F22 /* Preview Content */ = {
			isa = PBXGroup;
			children = (
				B17230DA2A9BD92C00569F22 /* Preview Assets.xcassets */,
			);
			path = "Preview Content";
			sourceTree = "<group>";
		};
		B17230E32A9BD92C00569F22 /* CryptocurrencyTests */ = {
			isa = PBXGroup;
			children = (
				B16822A92A9C321900BEA821 /* IntroductionTests.swift */,
				B16822AE2A9C340000BEA821 /* HomeTest.swift */,
				B16822B02A9C34F200BEA821 /* DetailTest.swift */,
			);
			path = CryptocurrencyTests;
			sourceTree = "<group>";
		};
		B17230ED2A9BD92C00569F22 /* CryptocurrencyUITests */ = {
			isa = PBXGroup;
			children = (
				B17230F02A9BD92C00569F22 /* CriptocurrencyUITestsLaunchTests.swift */,
				B16822B22A9C36F400BEA821 /* IntroductionUITest.swift */,
				B16822B42A9C370D00BEA821 /* HomeUITest.swift */,
				B16822B62A9C371A00BEA821 /* DetailUITest.swift */,
			);
			path = CryptocurrencyUITests;
			sourceTree = "<group>";
		};
		B17230FF2A9BEACF00569F22 /* Modules */ = {
			isa = PBXGroup;
			children = (
				B17231252A9C280500569F22 /* DetailCoin */,
				B17231032A9BEB8A00569F22 /* Home */,
				B17231022A9BEB8500569F22 /* Introduction */,
			);
			path = Modules;
			sourceTree = "<group>";
		};
		B17231002A9BEB0B00569F22 /* Utils */ = {
			isa = PBXGroup;
			children = (
				B172311E2A9C009B00569F22 /* Networking */,
				B172311D2A9C009500569F22 /* Extensions */,
			);
			path = Utils;
			sourceTree = "<group>";
		};
		B17231022A9BEB8500569F22 /* Introduction */ = {
			isa = PBXGroup;
			children = (
				B16822AB2A9C329800BEA821 /* ViewModel */,
				B17231072A9BEBAF00569F22 /* View */,
			);
			path = Introduction;
			sourceTree = "<group>";
		};
		B17231032A9BEB8A00569F22 /* Home */ = {
			isa = PBXGroup;
			children = (
				B172311A2A9BF28000569F22 /* Model */,
				B17231122A9BF06700569F22 /* ViewModel */,
				B17231112A9BF06100569F22 /* View */,
			);
			path = Home;
			sourceTree = "<group>";
		};
		B17231072A9BEBAF00569F22 /* View */ = {
			isa = PBXGroup;
			children = (
				B17231082A9BEBFC00569F22 /* Button */,
				B17230D52A9BD92A00569F22 /* IntroductionView.swift */,
			);
			path = View;
			sourceTree = "<group>";
		};
		B17231082A9BEBFC00569F22 /* Button */ = {
			isa = PBXGroup;
			children = (
				B17230FD2A9BE28500569F22 /* CriptoCTAButtonStyle.swift */,
				B172310D2A9BED4200569F22 /* CriptoCTAButtonTypeProtocol.swift */,
			);
			path = Button;
			sourceTree = "<group>";
		};
		B17231112A9BF06100569F22 /* View */ = {
			isa = PBXGroup;
			children = (
				B17231172A9BF20700569F22 /* Cell */,
				B17231132A9BF07200569F22 /* HomeView.swift */,
			);
			path = View;
			sourceTree = "<group>";
		};
		B17231122A9BF06700569F22 /* ViewModel */ = {
			isa = PBXGroup;
			children = (
				B17231152A9BF07E00569F22 /* HomeViewModel.swift */,
			);
			path = ViewModel;
			sourceTree = "<group>";
		};
		B17231172A9BF20700569F22 /* Cell */ = {
			isa = PBXGroup;
			children = (
				B17231182A9BF22200569F22 /* CryptocurrencyCell.swift */,
			);
			path = Cell;
			sourceTree = "<group>";
		};
		B172311A2A9BF28000569F22 /* Model */ = {
			isa = PBXGroup;
			children = (
				B172311B2A9BF28E00569F22 /* CryptocurrencyModel.swift */,
			);
			path = Model;
			sourceTree = "<group>";
		};
		B172311D2A9C009500569F22 /* Extensions */ = {
			isa = PBXGroup;
			children = (
				B17231092A9BEC0B00569F22 /* Extension + Color.swift */,
				B172310B2A9BEC6A00569F22 /* Extension + Int.swift */,
			);
			path = Extensions;
			sourceTree = "<group>";
		};
		B172311E2A9C009B00569F22 /* Networking */ = {
			isa = PBXGroup;
			children = (
				B172311F2A9C00B100569F22 /* Apis.swift */,
				B17231212A9C00B900569F22 /* Services.swift */,
			);
			path = Networking;
			sourceTree = "<group>";
		};
		B17231252A9C280500569F22 /* DetailCoin */ = {
			isa = PBXGroup;
			children = (
				B17231272A9C281800569F22 /* ViewModel */,
				B17231262A9C281300569F22 /* View */,
			);
			path = DetailCoin;
			sourceTree = "<group>";
		};
		B17231262A9C281300569F22 /* View */ = {
			isa = PBXGroup;
			children = (
				B17231282A9C282400569F22 /* DetailCoinView.swift */,
			);
			path = View;
			sourceTree = "<group>";
		};
		B17231272A9C281800569F22 /* ViewModel */ = {
			isa = PBXGroup;
			children = (
				B17231332A9C2F2800569F22 /* DetailCoinViewModel.swift */,
			);
			path = ViewModel;
			sourceTree = "<group>";
		};
/* End PBXGroup section */

/* Begin PBXNativeTarget section */
		B17230CF2A9BD92A00569F22 /* Cryptocurrency */ = {
			isa = PBXNativeTarget;
			buildConfigurationList = B17230F42A9BD92C00569F22 /* Build configuration list for PBXNativeTarget "Cryptocurrency" */;
			buildPhases = (
				B17230CC2A9BD92A00569F22 /* Sources */,
				B17230CD2A9BD92A00569F22 /* Frameworks */,
				B17230CE2A9BD92A00569F22 /* Resources */,
			);
			buildRules = (
			);
			dependencies = (
			);
			name = Cryptocurrency;
			productName = Criptocurrency;
			productReference = B17230D02A9BD92A00569F22 /* Cryptocurrency.app */;
			productType = "com.apple.product-type.application";
		};
		B17230DF2A9BD92C00569F22 /* CryptocurrencyTests */ = {
			isa = PBXNativeTarget;
			buildConfigurationList = B17230F72A9BD92C00569F22 /* Build configuration list for PBXNativeTarget "CryptocurrencyTests" */;
			buildPhases = (
				B17230DC2A9BD92C00569F22 /* Sources */,
				B17230DD2A9BD92C00569F22 /* Frameworks */,
				B17230DE2A9BD92C00569F22 /* Resources */,
			);
			buildRules = (
			);
			dependencies = (
				B17230E22A9BD92C00569F22 /* PBXTargetDependency */,
			);
			name = CryptocurrencyTests;
			productName = CriptocurrencyTests;
			productReference = B17230E02A9BD92C00569F22 /* CryptocurrencyTests.xctest */;
			productType = "com.apple.product-type.bundle.unit-test";
		};
		B17230E92A9BD92C00569F22 /* CryptocurrencyUITests */ = {
			isa = PBXNativeTarget;
			buildConfigurationList = B17230FA2A9BD92C00569F22 /* Build configuration list for PBXNativeTarget "CryptocurrencyUITests" */;
			buildPhases = (
				B17230E62A9BD92C00569F22 /* Sources */,
				B17230E72A9BD92C00569F22 /* Frameworks */,
				B17230E82A9BD92C00569F22 /* Resources */,
			);
			buildRules = (
			);
			dependencies = (
				B17230EC2A9BD92C00569F22 /* PBXTargetDependency */,
			);
			name = CryptocurrencyUITests;
			productName = CriptocurrencyUITests;
			productReference = B17230EA2A9BD92C00569F22 /* CryptocurrencyUITests.xctest */;
			productType = "com.apple.product-type.bundle.ui-testing";
		};
/* End PBXNativeTarget section */

/* Begin PBXProject section */
		B17230C82A9BD92A00569F22 /* Project object */ = {
			isa = PBXProject;
			attributes = {
				BuildIndependentTargetsInParallel = 1;
				LastSwiftUpdateCheck = 1430;
				LastUpgradeCheck = 1430;
				TargetAttributes = {
					B17230CF2A9BD92A00569F22 = {
						CreatedOnToolsVersion = 14.3.1;
					};
					B17230DF2A9BD92C00569F22 = {
						CreatedOnToolsVersion = 14.3.1;
						TestTargetID = B17230CF2A9BD92A00569F22;
					};
					B17230E92A9BD92C00569F22 = {
						CreatedOnToolsVersion = 14.3.1;
						TestTargetID = B17230CF2A9BD92A00569F22;
					};
				};
			};
			buildConfigurationList = B17230CB2A9BD92A00569F22 /* Build configuration list for PBXProject "Cryptocurrency" */;
			compatibilityVersion = "Xcode 14.0";
			developmentRegion = en;
			hasScannedForEncodings = 0;
			knownRegions = (
				en,
				Base,
			);
			mainGroup = B17230C72A9BD92A00569F22;
			productRefGroup = B17230D12A9BD92A00569F22 /* Products */;
			projectDirPath = "";
			projectRoot = "";
			targets = (
				B17230CF2A9BD92A00569F22 /* Cryptocurrency */,
				B17230DF2A9BD92C00569F22 /* CryptocurrencyTests */,
				B17230E92A9BD92C00569F22 /* CryptocurrencyUITests */,
			);
		};
/* End PBXProject section */

/* Begin PBXResourcesBuildPhase section */
		B17230CE2A9BD92A00569F22 /* Resources */ = {
			isa = PBXResourcesBuildPhase;
			buildActionMask = 2147483647;
			files = (
				B17230DB2A9BD92C00569F22 /* Preview Assets.xcassets in Resources */,
				B17230D82A9BD92C00569F22 /* Assets.xcassets in Resources */,
			);
			runOnlyForDeploymentPostprocessing = 0;
		};
		B17230DE2A9BD92C00569F22 /* Resources */ = {
			isa = PBXResourcesBuildPhase;
			buildActionMask = 2147483647;
			files = (
			);
			runOnlyForDeploymentPostprocessing = 0;
		};
		B17230E82A9BD92C00569F22 /* Resources */ = {
			isa = PBXResourcesBuildPhase;
			buildActionMask = 2147483647;
			files = (
			);
			runOnlyForDeploymentPostprocessing = 0;
		};
/* End PBXResourcesBuildPhase section */

/* Begin PBXSourcesBuildPhase section */
		B17230CC2A9BD92A00569F22 /* Sources */ = {
			isa = PBXSourcesBuildPhase;
			buildActionMask = 2147483647;
			files = (
				B172310A2A9BEC0B00569F22 /* Extension + Color.swift in Sources */,
				B17231222A9C00B900569F22 /* Services.swift in Sources */,
				B17231142A9BF07200569F22 /* HomeView.swift in Sources */,
				B172310E2A9BED4200569F22 /* CriptoCTAButtonTypeProtocol.swift in Sources */,
				B17231162A9BF07E00569F22 /* HomeViewModel.swift in Sources */,
				B17230D62A9BD92A00569F22 /* IntroductionView.swift in Sources */,
				B172311C2A9BF28E00569F22 /* CryptocurrencyModel.swift in Sources */,
				B17231292A9C282400569F22 /* DetailCoinView.swift in Sources */,
				B17231342A9C2F2800569F22 /* DetailCoinViewModel.swift in Sources */,
				B17231202A9C00B100569F22 /* Apis.swift in Sources */,
				B17230D42A9BD92A00569F22 /* CryptocurrencyApp.swift in Sources */,
				B172310C2A9BEC6B00569F22 /* Extension + Int.swift in Sources */,
				B17230FE2A9BE28500569F22 /* CriptoCTAButtonStyle.swift in Sources */,
				B17231192A9BF22200569F22 /* CryptocurrencyCell.swift in Sources */,
				B16822AD2A9C32AF00BEA821 /* IntroductionViewModel.swift in Sources */,
			);
			runOnlyForDeploymentPostprocessing = 0;
		};
		B17230DC2A9BD92C00569F22 /* Sources */ = {
			isa = PBXSourcesBuildPhase;
			buildActionMask = 2147483647;
			files = (
				B16822AF2A9C340000BEA821 /* HomeTest.swift in Sources */,
				B16822B12A9C34F200BEA821 /* DetailTest.swift in Sources */,
				B16822AA2A9C321900BEA821 /* IntroductionTests.swift in Sources */,
			);
			runOnlyForDeploymentPostprocessing = 0;
		};
		B17230E62A9BD92C00569F22 /* Sources */ = {
			isa = PBXSourcesBuildPhase;
			buildActionMask = 2147483647;
			files = (
				B17230F12A9BD92C00569F22 /* CriptocurrencyUITestsLaunchTests.swift in Sources */,
				B16822B72A9C371A00BEA821 /* DetailUITest.swift in Sources */,
				B16822B32A9C36F400BEA821 /* IntroductionUITest.swift in Sources */,
				B16822B52A9C370D00BEA821 /* HomeUITest.swift in Sources */,
			);
			runOnlyForDeploymentPostprocessing = 0;
		};
/* End PBXSourcesBuildPhase section */

/* Begin PBXTargetDependency section */
		B17230E22A9BD92C00569F22 /* PBXTargetDependency */ = {
			isa = PBXTargetDependency;
			target = B17230CF2A9BD92A00569F22 /* Cryptocurrency */;
			targetProxy = B17230E12A9BD92C00569F22 /* PBXContainerItemProxy */;
		};
		B17230EC2A9BD92C00569F22 /* PBXTargetDependency */ = {
			isa = PBXTargetDependency;
			target = B17230CF2A9BD92A00569F22 /* Cryptocurrency */;
			targetProxy = B17230EB2A9BD92C00569F22 /* PBXContainerItemProxy */;
		};
/* End PBXTargetDependency section */

/* Begin XCBuildConfiguration section */
		B17230F22A9BD92C00569F22 /* Debug */ = {
			isa = XCBuildConfiguration;
			buildSettings = {
				ALWAYS_SEARCH_USER_PATHS = NO;
				CLANG_ANALYZER_NONNULL = YES;
				CLANG_ANALYZER_NUMBER_OBJECT_CONVERSION = YES_AGGRESSIVE;
				CLANG_CXX_LANGUAGE_STANDARD = "gnu++20";
				CLANG_ENABLE_MODULES = YES;
				CLANG_ENABLE_OBJC_ARC = YES;
				CLANG_ENABLE_OBJC_WEAK = YES;
				CLANG_WARN_BLOCK_CAPTURE_AUTORELEASING = YES;
				CLANG_WARN_BOOL_CONVERSION = YES;
				CLANG_WARN_COMMA = YES;
				CLANG_WARN_CONSTANT_CONVERSION = YES;
				CLANG_WARN_DEPRECATED_OBJC_IMPLEMENTATIONS = YES;
				CLANG_WARN_DIRECT_OBJC_ISA_USAGE = YES_ERROR;
				CLANG_WARN_DOCUMENTATION_COMMENTS = YES;
				CLANG_WARN_EMPTY_BODY = YES;
				CLANG_WARN_ENUM_CONVERSION = YES;
				CLANG_WARN_INFINITE_RECURSION = YES;
				CLANG_WARN_INT_CONVERSION = YES;
				CLANG_WARN_NON_LITERAL_NULL_CONVERSION = YES;
				CLANG_WARN_OBJC_IMPLICIT_RETAIN_SELF = YES;
				CLANG_WARN_OBJC_LITERAL_CONVERSION = YES;
				CLANG_WARN_OBJC_ROOT_CLASS = YES_ERROR;
				CLANG_WARN_QUOTED_INCLUDE_IN_FRAMEWORK_HEADER = YES;
				CLANG_WARN_RANGE_LOOP_ANALYSIS = YES;
				CLANG_WARN_STRICT_PROTOTYPES = YES;
				CLANG_WARN_SUSPICIOUS_MOVE = YES;
				CLANG_WARN_UNGUARDED_AVAILABILITY = YES_AGGRESSIVE;
				CLANG_WARN_UNREACHABLE_CODE = YES;
				CLANG_WARN__DUPLICATE_METHOD_MATCH = YES;
				COPY_PHASE_STRIP = NO;
				DEBUG_INFORMATION_FORMAT = dwarf;
				ENABLE_STRICT_OBJC_MSGSEND = YES;
				ENABLE_TESTABILITY = YES;
				GCC_C_LANGUAGE_STANDARD = gnu11;
				GCC_DYNAMIC_NO_PIC = NO;
				GCC_NO_COMMON_BLOCKS = YES;
				GCC_OPTIMIZATION_LEVEL = 0;
				GCC_PREPROCESSOR_DEFINITIONS = (
					"DEBUG=1",
					"$(inherited)",
				);
				GCC_WARN_64_TO_32_BIT_CONVERSION = YES;
				GCC_WARN_ABOUT_RETURN_TYPE = YES_ERROR;
				GCC_WARN_UNDECLARED_SELECTOR = YES;
				GCC_WARN_UNINITIALIZED_AUTOS = YES_AGGRESSIVE;
				GCC_WARN_UNUSED_FUNCTION = YES;
				GCC_WARN_UNUSED_VARIABLE = YES;
				IPHONEOS_DEPLOYMENT_TARGET = 16.4;
				MTL_ENABLE_DEBUG_INFO = INCLUDE_SOURCE;
				MTL_FAST_MATH = YES;
				ONLY_ACTIVE_ARCH = YES;
				SDKROOT = iphoneos;
				SWIFT_ACTIVE_COMPILATION_CONDITIONS = DEBUG;
				SWIFT_OPTIMIZATION_LEVEL = "-Onone";
			};
			name = Debug;
		};
		B17230F32A9BD92C00569F22 /* Release */ = {
			isa = XCBuildConfiguration;
			buildSettings = {
				ALWAYS_SEARCH_USER_PATHS = NO;
				CLANG_ANALYZER_NONNULL = YES;
				CLANG_ANALYZER_NUMBER_OBJECT_CONVERSION = YES_AGGRESSIVE;
				CLANG_CXX_LANGUAGE_STANDARD = "gnu++20";
				CLANG_ENABLE_MODULES = YES;
				CLANG_ENABLE_OBJC_ARC = YES;
				CLANG_ENABLE_OBJC_WEAK = YES;
				CLANG_WARN_BLOCK_CAPTURE_AUTORELEASING = YES;
				CLANG_WARN_BOOL_CONVERSION = YES;
				CLANG_WARN_COMMA = YES;
				CLANG_WARN_CONSTANT_CONVERSION = YES;
				CLANG_WARN_DEPRECATED_OBJC_IMPLEMENTATIONS = YES;
				CLANG_WARN_DIRECT_OBJC_ISA_USAGE = YES_ERROR;
				CLANG_WARN_DOCUMENTATION_COMMENTS = YES;
				CLANG_WARN_EMPTY_BODY = YES;
				CLANG_WARN_ENUM_CONVERSION = YES;
				CLANG_WARN_INFINITE_RECURSION = YES;
				CLANG_WARN_INT_CONVERSION = YES;
				CLANG_WARN_NON_LITERAL_NULL_CONVERSION = YES;
				CLANG_WARN_OBJC_IMPLICIT_RETAIN_SELF = YES;
				CLANG_WARN_OBJC_LITERAL_CONVERSION = YES;
				CLANG_WARN_OBJC_ROOT_CLASS = YES_ERROR;
				CLANG_WARN_QUOTED_INCLUDE_IN_FRAMEWORK_HEADER = YES;
				CLANG_WARN_RANGE_LOOP_ANALYSIS = YES;
				CLANG_WARN_STRICT_PROTOTYPES = YES;
				CLANG_WARN_SUSPICIOUS_MOVE = YES;
				CLANG_WARN_UNGUARDED_AVAILABILITY = YES_AGGRESSIVE;
				CLANG_WARN_UNREACHABLE_CODE = YES;
				CLANG_WARN__DUPLICATE_METHOD_MATCH = YES;
				COPY_PHASE_STRIP = NO;
				DEBUG_INFORMATION_FORMAT = "dwarf-with-dsym";
				ENABLE_NS_ASSERTIONS = NO;
				ENABLE_STRICT_OBJC_MSGSEND = YES;
				GCC_C_LANGUAGE_STANDARD = gnu11;
				GCC_NO_COMMON_BLOCKS = YES;
				GCC_WARN_64_TO_32_BIT_CONVERSION = YES;
				GCC_WARN_ABOUT_RETURN_TYPE = YES_ERROR;
				GCC_WARN_UNDECLARED_SELECTOR = YES;
				GCC_WARN_UNINITIALIZED_AUTOS = YES_AGGRESSIVE;
				GCC_WARN_UNUSED_FUNCTION = YES;
				GCC_WARN_UNUSED_VARIABLE = YES;
				IPHONEOS_DEPLOYMENT_TARGET = 16.4;
				MTL_ENABLE_DEBUG_INFO = NO;
				MTL_FAST_MATH = YES;
				SDKROOT = iphoneos;
				SWIFT_COMPILATION_MODE = wholemodule;
				SWIFT_OPTIMIZATION_LEVEL = "-O";
				VALIDATE_PRODUCT = YES;
			};
			name = Release;
		};
		B17230F52A9BD92C00569F22 /* Debug */ = {
			isa = XCBuildConfiguration;
			buildSettings = {
				ASSETCATALOG_COMPILER_APPICON_NAME = AppIcon;
				ASSETCATALOG_COMPILER_GLOBAL_ACCENT_COLOR_NAME = AccentColor;
				CODE_SIGN_STYLE = Automatic;
				CURRENT_PROJECT_VERSION = 1;
				DEVELOPMENT_ASSET_PATHS = "\"Cryptocurrency/Preview Content\"";
				ENABLE_PREVIEWS = YES;
				GENERATE_INFOPLIST_FILE = YES;
				INFOPLIST_KEY_UIApplicationSceneManifest_Generation = YES;
				INFOPLIST_KEY_UIApplicationSupportsIndirectInputEvents = YES;
				INFOPLIST_KEY_UILaunchScreen_Generation = YES;
				INFOPLIST_KEY_UISupportedInterfaceOrientations_iPad = "UIInterfaceOrientationPortrait UIInterfaceOrientationPortraitUpsideDown UIInterfaceOrientationLandscapeLeft UIInterfaceOrientationLandscapeRight";
				INFOPLIST_KEY_UISupportedInterfaceOrientations_iPhone = "UIInterfaceOrientationPortrait UIInterfaceOrientationLandscapeLeft UIInterfaceOrientationLandscapeRight";
				LD_RUNPATH_SEARCH_PATHS = (
					"$(inherited)",
					"@executable_path/Frameworks",
				);
				MARKETING_VERSION = 1.0;
				PRODUCT_BUNDLE_IDENTIFIER = mariana.Criptocurrency;
				PRODUCT_NAME = "$(TARGET_NAME)";
				SWIFT_EMIT_LOC_STRINGS = YES;
				SWIFT_VERSION = 5.0;
				TARGETED_DEVICE_FAMILY = "1,2";
			};
			name = Debug;
		};
		B17230F62A9BD92C00569F22 /* Release */ = {
			isa = XCBuildConfiguration;
			buildSettings = {
				ASSETCATALOG_COMPILER_APPICON_NAME = AppIcon;
				ASSETCATALOG_COMPILER_GLOBAL_ACCENT_COLOR_NAME = AccentColor;
				CODE_SIGN_STYLE = Automatic;
				CURRENT_PROJECT_VERSION = 1;
				DEVELOPMENT_ASSET_PATHS = "\"Cryptocurrency/Preview Content\"";
				ENABLE_PREVIEWS = YES;
				GENERATE_INFOPLIST_FILE = YES;
				INFOPLIST_KEY_UIApplicationSceneManifest_Generation = YES;
				INFOPLIST_KEY_UIApplicationSupportsIndirectInputEvents = YES;
				INFOPLIST_KEY_UILaunchScreen_Generation = YES;
				INFOPLIST_KEY_UISupportedInterfaceOrientations_iPad = "UIInterfaceOrientationPortrait UIInterfaceOrientationPortraitUpsideDown UIInterfaceOrientationLandscapeLeft UIInterfaceOrientationLandscapeRight";
				INFOPLIST_KEY_UISupportedInterfaceOrientations_iPhone = "UIInterfaceOrientationPortrait UIInterfaceOrientationLandscapeLeft UIInterfaceOrientationLandscapeRight";
				LD_RUNPATH_SEARCH_PATHS = (
					"$(inherited)",
					"@executable_path/Frameworks",
				);
				MARKETING_VERSION = 1.0;
				PRODUCT_BUNDLE_IDENTIFIER = mariana.Criptocurrency;
				PRODUCT_NAME = "$(TARGET_NAME)";
				SWIFT_EMIT_LOC_STRINGS = YES;
				SWIFT_VERSION = 5.0;
				TARGETED_DEVICE_FAMILY = "1,2";
			};
			name = Release;
		};
		B17230F82A9BD92C00569F22 /* Debug */ = {
			isa = XCBuildConfiguration;
			buildSettings = {
				ALWAYS_EMBED_SWIFT_STANDARD_LIBRARIES = YES;
				BUNDLE_LOADER = "$(TEST_HOST)";
				CODE_SIGN_STYLE = Automatic;
				CURRENT_PROJECT_VERSION = 1;
				GENERATE_INFOPLIST_FILE = YES;
				IPHONEOS_DEPLOYMENT_TARGET = 16.4;
				MARKETING_VERSION = 1.0;
				PRODUCT_BUNDLE_IDENTIFIER = mariana.CriptocurrencyTests;
				PRODUCT_NAME = "$(TARGET_NAME)";
				SWIFT_EMIT_LOC_STRINGS = NO;
				SWIFT_VERSION = 5.0;
				TARGETED_DEVICE_FAMILY = "1,2";
				TEST_HOST = "$(BUILT_PRODUCTS_DIR)/Cryptocurrency.app/$(BUNDLE_EXECUTABLE_FOLDER_PATH)/Cryptocurrency";
			};
			name = Debug;
		};
		B17230F92A9BD92C00569F22 /* Release */ = {
			isa = XCBuildConfiguration;
			buildSettings = {
				ALWAYS_EMBED_SWIFT_STANDARD_LIBRARIES = YES;
				BUNDLE_LOADER = "$(TEST_HOST)";
				CODE_SIGN_STYLE = Automatic;
				CURRENT_PROJECT_VERSION = 1;
				GENERATE_INFOPLIST_FILE = YES;
				IPHONEOS_DEPLOYMENT_TARGET = 16.4;
				MARKETING_VERSION = 1.0;
				PRODUCT_BUNDLE_IDENTIFIER = mariana.CriptocurrencyTests;
				PRODUCT_NAME = "$(TARGET_NAME)";
				SWIFT_EMIT_LOC_STRINGS = NO;
				SWIFT_VERSION = 5.0;
				TARGETED_DEVICE_FAMILY = "1,2";
				TEST_HOST = "$(BUILT_PRODUCTS_DIR)/Cryptocurrency.app/$(BUNDLE_EXECUTABLE_FOLDER_PATH)/Cryptocurrency";
			};
			name = Release;
		};
		B17230FB2A9BD92C00569F22 /* Debug */ = {
			isa = XCBuildConfiguration;
			buildSettings = {
				ALWAYS_EMBED_SWIFT_STANDARD_LIBRARIES = YES;
				CODE_SIGN_STYLE = Automatic;
				CURRENT_PROJECT_VERSION = 1;
				GENERATE_INFOPLIST_FILE = YES;
				MARKETING_VERSION = 1.0;
				PRODUCT_BUNDLE_IDENTIFIER = mariana.CriptocurrencyUITests;
				PRODUCT_NAME = "$(TARGET_NAME)";
				SWIFT_EMIT_LOC_STRINGS = NO;
				SWIFT_VERSION = 5.0;
				TARGETED_DEVICE_FAMILY = "1,2";
				TEST_TARGET_NAME = Criptocurrency;
			};
			name = Debug;
		};
		B17230FC2A9BD92C00569F22 /* Release */ = {
			isa = XCBuildConfiguration;
			buildSettings = {
				ALWAYS_EMBED_SWIFT_STANDARD_LIBRARIES = YES;
				CODE_SIGN_STYLE = Automatic;
				CURRENT_PROJECT_VERSION = 1;
				GENERATE_INFOPLIST_FILE = YES;
				MARKETING_VERSION = 1.0;
				PRODUCT_BUNDLE_IDENTIFIER = mariana.CriptocurrencyUITests;
				PRODUCT_NAME = "$(TARGET_NAME)";
				SWIFT_EMIT_LOC_STRINGS = NO;
				SWIFT_VERSION = 5.0;
				TARGETED_DEVICE_FAMILY = "1,2";
				TEST_TARGET_NAME = Criptocurrency;
			};
			name = Release;
		};
/* End XCBuildConfiguration section */

/* Begin XCConfigurationList section */
		B17230CB2A9BD92A00569F22 /* Build configuration list for PBXProject "Cryptocurrency" */ = {
			isa = XCConfigurationList;
			buildConfigurations = (
				B17230F22A9BD92C00569F22 /* Debug */,
				B17230F32A9BD92C00569F22 /* Release */,
			);
			defaultConfigurationIsVisible = 0;
			defaultConfigurationName = Release;
		};
		B17230F42A9BD92C00569F22 /* Build configuration list for PBXNativeTarget "Cryptocurrency" */ = {
			isa = XCConfigurationList;
			buildConfigurations = (
				B17230F52A9BD92C00569F22 /* Debug */,
				B17230F62A9BD92C00569F22 /* Release */,
			);
			defaultConfigurationIsVisible = 0;
			defaultConfigurationName = Release;
		};
		B17230F72A9BD92C00569F22 /* Build configuration list for PBXNativeTarget "CryptocurrencyTests" */ = {
			isa = XCConfigurationList;
			buildConfigurations = (
				B17230F82A9BD92C00569F22 /* Debug */,
				B17230F92A9BD92C00569F22 /* Release */,
			);
			defaultConfigurationIsVisible = 0;
			defaultConfigurationName = Release;
		};
		B17230FA2A9BD92C00569F22 /* Build configuration list for PBXNativeTarget "CryptocurrencyUITests" */ = {
			isa = XCConfigurationList;
			buildConfigurations = (
				B17230FB2A9BD92C00569F22 /* Debug */,
				B17230FC2A9BD92C00569F22 /* Release */,
			);
			defaultConfigurationIsVisible = 0;
			defaultConfigurationName = Release;
		};
/* End XCConfigurationList section */
	};
	rootObject = B17230C82A9BD92A00569F22 /* Project object */;
}
